
Microsoft Visual Studio Solution File, Format Version 12.00
# Visual Studio 15
VisualStudioVersion = 15.0.26730.16
MinimumVisualStudioVersion = 10.0.40219.1
Project("{FAE04EC0-301F-11D3-BF4B-00C04F79EFBC}") = "ShoppingCart", "..\_Reusables\C#\ShoppingCart\ShoppingCart\ShoppingCart.csproj", "{DB2B6BDC-FAE9-4263-8B08-94FBEE9A3850}"
EndProject
Project("{FAE04EC0-301F-11D3-BF4B-00C04F79EFBC}") = "ControllerHelper", "..\_Reusables\C#\ControllerHelper\ControllerHelper\ControllerHelper.csproj", "{C8DB3F11-651C-4A00-B2D6-650700D0007F}"
EndProject
Project("{FAE04EC0-301F-11D3-BF4B-00C04F79EFBC}") = "Geography", "..\_Reusables\C#\Geography\Geography\Geography.csproj", "{C68013C0-5ECD-4C34-AE72-07F6742EFB70}"
EndProject
Project("{FAE04EC0-301F-11D3-BF4B-00C04F79EFBC}") = "Image", "..\_Reusables\C#\Image\Image.csproj", "{EA5294A7-7F80-4DA0-960B-0AE3D376C841}"
EndProject
Project("{FAE04EC0-301F-11D3-BF4B-00C04F79EFBC}") = "SessionHelper", "..\_Reusables\C#\SessionHelper\SessionHelper\SessionHelper.csproj", "{890D5C31-8E0C-40F9-94DE-36B4FDDB2AAE}"
EndProject
Project("{FAE04EC0-301F-11D3-BF4B-00C04F79EFBC}") = "StringHelper", "..\_Reusables\C#\StringHelper\StringHelper.csproj", "{DFF3EF94-9144-45EB-BE2D-9BDE93671212}"
EndProject
Project("{FAE04EC0-301F-11D3-BF4B-00C04F79EFBC}") = "ShoppingCart.PayPal", "..\_Reusables\C#\ShoppingCart.PayPal\ShoppingCart.PayPal\ShoppingCart.PayPal.csproj", "{601225F6-0D4D-41AE-89BA-5677D1354BFB}"
EndProject
Project("{FAE04EC0-301F-11D3-BF4B-00C04F79EFBC}") = "StovepipeHeatSaver.com", "StovepipeHeatSaver.com\StovepipeHeatSaver.com.csproj", "{AEC1819D-A750-4E8A-B4F5-3A14436621A4}"
EndProject
Global
	GlobalSection(SolutionConfigurationPlatforms) = preSolution
		Debug|Any CPU = Debug|Any CPU
		Release|Any CPU = Release|Any CPU
	EndGlobalSection
	GlobalSection(ProjectConfigurationPlatforms) = postSolution
		{DB2B6BDC-FAE9-4263-8B08-94FBEE9A3850}.Debug|Any CPU.ActiveCfg = Debug|Any CPU
		{DB2B6BDC-FAE9-4263-8B08-94FBEE9A3850}.Debug|Any CPU.Build.0 = Debug|Any CPU
		{DB2B6BDC-FAE9-4263-8B08-94FBEE9A3850}.Release|Any CPU.ActiveCfg = Release|Any CPU
		{DB2B6BDC-FAE9-4263-8B08-94FBEE9A3850}.Release|Any CPU.Build.0 = Release|Any CPU
		{C8DB3F11-651C-4A00-B2D6-650700D0007F}.Debug|Any CPU.ActiveCfg = Debug|Any CPU
		{C8DB3F11-651C-4A00-B2D6-650700D0007F}.Debug|Any CPU.Build.0 = Debug|Any CPU
		{C8DB3F11-651C-4A00-B2D6-650700D0007F}.Release|Any CPU.ActiveCfg = Release|Any CPU
		{C8DB3F11-651C-4A00-B2D6-650700D0007F}.Release|Any CPU.Build.0 = Release|Any CPU
		{C68013C0-5ECD-4C34-AE72-07F6742EFB70}.Debug|Any CPU.ActiveCfg = Debug|Any CPU
		{C68013C0-5ECD-4C34-AE72-07F6742EFB70}.Debug|Any CPU.Build.0 = Debug|Any CPU
		{C68013C0-5ECD-4C34-AE72-07F6742EFB70}.Release|Any CPU.ActiveCfg = Release|Any CPU
		{C68013C0-5ECD-4C34-AE72-07F6742EFB70}.Release|Any CPU.Build.0 = Release|Any CPU
		{EA5294A7-7F80-4DA0-960B-0AE3D376C841}.Debug|Any CPU.ActiveCfg = Debug|Any CPU
		{EA5294A7-7F80-4DA0-960B-0AE3D376C841}.Debug|Any CPU.Build.0 = Debug|Any CPU
		{EA5294A7-7F80-4DA0-960B-0AE3D376C841}.Release|Any CPU.ActiveCfg = Release|Any CPU
		{EA5294A7-7F80-4DA0-960B-0AE3D376C841}.Release|Any CPU.Build.0 = Release|Any CPU
		{890D5C31-8E0C-40F9-94DE-36B4FDDB2AAE}.Debug|Any CPU.ActiveCfg = Debug|Any CPU
		{890D5C31-8E0C-40F9-94DE-36B4FDDB2AAE}.Debug|Any CPU.Build.0 = Debug|Any CPU
		{890D5C31-8E0C-40F9-94DE-36B4FDDB2AAE}.Release|Any CPU.ActiveCfg = Release|Any CPU
		{890D5C31-8E0C-40F9-94DE-36B4FDDB2AAE}.Release|Any CPU.Build.0 = Release|Any CPU
		{DFF3EF94-9144-45EB-BE2D-9BDE93671212}.Debug|Any CPU.ActiveCfg = Debug|Any CPU
		{DFF3EF94-9144-45EB-BE2D-9BDE93671212}.Debug|Any CPU.Build.0 = Debug|Any CPU
		{DFF3EF94-9144-45EB-BE2D-9BDE93671212}.Release|Any CPU.ActiveCfg = Release|Any CPU
		{DFF3EF94-9144-45EB-BE2D-9BDE93671212}.Release|Any CPU.Build.0 = Release|Any CPU
		{601225F6-0D4D-41AE-89BA-5677D1354BFB}.Debug|Any CPU.ActiveCfg = Debug|Any CPU
		{601225F6-0D4D-41AE-89BA-5677D1354BFB}.Debug|Any CPU.Build.0 = Debug|Any CPU
		{601225F6-0D4D-41AE-89BA-5677D1354BFB}.Release|Any CPU.ActiveCfg = Release|Any CPU
		{601225F6-0D4D-41AE-89BA-5677D1354BFB}.Release|Any CPU.Build.0 = Release|Any CPU
		{AEC1819D-A750-4E8A-B4F5-3A14436621A4}.Debug|Any CPU.ActiveCfg = Debug|Any CPU
		{AEC1819D-A750-4E8A-B4F5-3A14436621A4}.Debug|Any CPU.Build.0 = Debug|Any CPU
		{AEC1819D-A750-4E8A-B4F5-3A14436621A4}.Release|Any CPU.ActiveCfg = Release|Any CPU
		{AEC1819D-A750-4E8A-B4F5-3A14436621A4}.Release|Any CPU.Build.0 = Release|Any CPU
	EndGlobalSection
	GlobalSection(SolutionProperties) = preSolution
		HideSolutionNode = FALSE
	EndGlobalSection
	GlobalSection(ExtensibilityGlobals) = postSolution
		SolutionGuid = {FEA1A4CC-9EB1-4705-A7F7-8292F0F29407}
	EndGlobalSection
EndGlobal
